{
  "lockfileVersion": 1,
  "workspaces": {
    "": {
      "name": "mmap",
      "dependencies": {
        "node-addon-api": "^8.5.0",
      },
    },
  },
  "packages": {
    "node-addon-api": ["node-addon-api@8.5.0", "", {}, "sha512-/bRZty2mXUIFY/xU5HLvveNHlswNJej+RnxBjOMkidWfwZzgTbPG1E3K5TOxRLOR+5hX7bSofy8yf1hZevMS8A=="],
  }
}
