{
  "lockfileVersion": 1,
  "configVersion": 1,
  "workspaces": {
    "": {
      "name": "spout",
      "dependencies": {
        "node-addon-api": "^8.5.0",
      },
    },
  },
  "packages": {
    "node-addon-api": ["node-addon-api@8.8.0", "", {}, "sha512-c5Ko1fZJIJmzhFIkhRN76WTq+fC6tWnGy9CXA0fA+XygsWZmEwG8vmbkNqxMyoaa0Tin4djul49NzdVcJJcjeA=="],
  }
}
